
Microsoft Visual Studio Solution File, Format Version 12.00
# Visual Studio Version 16
VisualStudioVersion = 16.0.29521.150
MinimumVisualStudioVersion = 15.0.26124.0
Project("{9A19103F-16F7-4668-BE54-9A1E7A4F7556}") = "Web", "1.Web\Web.csproj", "{A229927D-B019-4BEC-AEED-3C75A342D015}"
EndProject
Project("{9A19103F-16F7-4668-BE54-9A1E7A4F7556}") = "Core", "0.Core\Core.csproj", "{CA5618F2-DA7E-46B5-89FE-1522676866DA}"
EndProject
Project("{9A19103F-16F7-4668-BE54-9A1E7A4F7556}") = "BLL", "2.BLL\BLL.csproj", "{1F21EE97-2657-4EDD-B5D5-B9CAE21CCA51}"
EndProject
Project("{9A19103F-16F7-4668-BE54-9A1E7A4F7556}") = "DAL", "3.DAL\DAL.csproj", "{B2844345-A574-431C-A521-BE81BB3F42A7}"
EndProject
Project("{2150E333-8FDC-42A3-9474-1A3956D46DE8}") = "0. Core", "0. Core", "{0669FC2D-EAA0-4B88-8AE0-5CFC23197FC5}"
EndProject
Project("{2150E333-8FDC-42A3-9474-1A3956D46DE8}") = "1.Web", "1.Web", "{B28075E0-E92D-42EC-8527-F4B860C2C7DF}"
EndProject
Project("{2150E333-8FDC-42A3-9474-1A3956D46DE8}") = "2.BLL", "2.BLL", "{00812B54-BE5C-48CE-8C36-6F30442AE5DB}"
EndProject
Project("{2150E333-8FDC-42A3-9474-1A3956D46DE8}") = "3.DAL", "3.DAL", "{BD828E66-B67B-45BB-AA87-C28DD2A9349B}"
EndProject
Global
	GlobalSection(SolutionConfigurationPlatforms) = preSolution
		Debug|Any CPU = Debug|Any CPU
		Release|Any CPU = Release|Any CPU
	EndGlobalSection
	GlobalSection(ProjectConfigurationPlatforms) = postSolution
		{A229927D-B019-4BEC-AEED-3C75A342D015}.Debug|Any CPU.ActiveCfg = Debug|Any CPU
		{A229927D-B019-4BEC-AEED-3C75A342D015}.Debug|Any CPU.Build.0 = Debug|Any CPU
		{A229927D-B019-4BEC-AEED-3C75A342D015}.Release|Any CPU.ActiveCfg = Release|Any CPU
		{A229927D-B019-4BEC-AEED-3C75A342D015}.Release|Any CPU.Build.0 = Release|Any CPU
		{CA5618F2-DA7E-46B5-89FE-1522676866DA}.Debug|Any CPU.ActiveCfg = Debug|Any CPU
		{CA5618F2-DA7E-46B5-89FE-1522676866DA}.Debug|Any CPU.Build.0 = Debug|Any CPU
		{CA5618F2-DA7E-46B5-89FE-1522676866DA}.Release|Any CPU.ActiveCfg = Release|Any CPU
		{CA5618F2-DA7E-46B5-89FE-1522676866DA}.Release|Any CPU.Build.0 = Release|Any CPU
		{1F21EE97-2657-4EDD-B5D5-B9CAE21CCA51}.Debug|Any CPU.ActiveCfg = Debug|Any CPU
		{1F21EE97-2657-4EDD-B5D5-B9CAE21CCA51}.Debug|Any CPU.Build.0 = Debug|Any CPU
		{1F21EE97-2657-4EDD-B5D5-B9CAE21CCA51}.Release|Any CPU.ActiveCfg = Release|Any CPU
		{1F21EE97-2657-4EDD-B5D5-B9CAE21CCA51}.Release|Any CPU.Build.0 = Release|Any CPU
		{B2844345-A574-431C-A521-BE81BB3F42A7}.Debug|Any CPU.ActiveCfg = Debug|Any CPU
		{B2844345-A574-431C-A521-BE81BB3F42A7}.Debug|Any CPU.Build.0 = Debug|Any CPU
		{B2844345-A574-431C-A521-BE81BB3F42A7}.Release|Any CPU.ActiveCfg = Release|Any CPU
		{B2844345-A574-431C-A521-BE81BB3F42A7}.Release|Any CPU.Build.0 = Release|Any CPU
	EndGlobalSection
	GlobalSection(SolutionProperties) = preSolution
		HideSolutionNode = FALSE
	EndGlobalSection
	GlobalSection(NestedProjects) = preSolution
		{A229927D-B019-4BEC-AEED-3C75A342D015} = {B28075E0-E92D-42EC-8527-F4B860C2C7DF}
		{CA5618F2-DA7E-46B5-89FE-1522676866DA} = {0669FC2D-EAA0-4B88-8AE0-5CFC23197FC5}
		{1F21EE97-2657-4EDD-B5D5-B9CAE21CCA51} = {00812B54-BE5C-48CE-8C36-6F30442AE5DB}
		{B2844345-A574-431C-A521-BE81BB3F42A7} = {BD828E66-B67B-45BB-AA87-C28DD2A9349B}
	EndGlobalSection
	GlobalSection(ExtensibilityGlobals) = postSolution
		SolutionGuid = {B5C1A02F-3D28-45A7-9522-D0DA8D0949BC}
	EndGlobalSection
EndGlobal
